<?xml version="1.0" encoding="utf-8"?>
<Project ToolsVersion="4.0" xmlns="http://schemas.microsoft.com/developer/msbuild/2003">
  <ItemGroup>
    <Filter Include="Dependencies">
      <UniqueIdentifier>{6C01343A-5864-C3DE-01EA-FB94ED2B8F61}</UniqueIdentifier>
    </Filter>
    <Filter Include="Dependencies\Glad">
      <UniqueIdentifier>{D30B450F-3F22-43A5-8899-CEC6F4EE132D}</UniqueIdentifier>
    </Filter>
    <Filter Include="Dependencies\Glad\src">
      <UniqueIdentifier>{6A7BD8FF-D6E7-93FA-9FDB-2B580B07B662}</UniqueIdentifier>
    </Filter>
    <Filter Include="src">
      <UniqueIdentifier>{2DAB880B-99B4-887C-2230-9F7C8E38947C}</UniqueIdentifier>
    </Filter>
  </ItemGroup>
  <ItemGroup>
    <ClCompile Include="..\Dependencies\Glad\src\glad.c">
      <Filter>Dependencies\Glad\src</Filter>
    </ClCompile>
    <ClCompile Include="src\main.cpp">
      <Filter>src</Filter>
    </ClCompile>
    <ClCompile Include="src\Shader.cpp" />
  </ItemGroup>
  <ItemGroup>
    <ClInclude Include="src\Shader.h" />
  </ItemGroup>
  <ItemGroup>
    <None Include="res\shaders\vertex.glsl" />
    <None Include="res\shaders\fragment.glsl" />
  </ItemGroup>
</Project>